# This file is automatically @generated by Cargo.
# It is not intended for manual editing.
version = 3

[[package]]
name = "aho-corasick"
version = "1.0.2"
source = "registry+https://github.com/rust-lang/crates.io-index"
checksum = "43f6cb1bf222025340178f382c426f13757b2960e89779dfcb319c32542a5a41"
dependencies = [
 "memchr",
]

[[package]]
name = "async-io"
version = "1.6.0"
source = "registry+https://github.com/rust-lang/crates.io-index"
checksum = "a811e6a479f2439f0c04038796b5cfb3d2ad56c230e0f2d3f7b04d68cfee607b"
dependencies = [
 "concurrent-queue",
 "futures-lite",
 "libc",
 "log",
 "once_cell",
 "parking",
 "polling",
 "slab",
 "socket2",
 "waker-fn",
 "winapi",
]

[[package]]
name = "autocfg"
version = "1.0.1"
source = "registry+https://github.com/rust-lang/crates.io-index"
checksum = "cdb031dd78e28731d87d56cc8ffef4a8f36ca26c38fe2de700543e627f8a464a"

[[package]]
name = "bitflags"
version = "1.3.2"
source = "registry+https://github.com/rust-lang/crates.io-index"
checksum = "bef38d45163c2f1dde094a7dfd33ccf595c92905c8f8f4fdc18d06fb1037718a"

[[package]]
name = "bitflags"
version = "2.3.3"
source = "registry+https://github.com/rust-lang/crates.io-index"
checksum = "630be753d4e58660abd17930c71b647fe46c27ea6b63cc59e1e3851406972e42"

[[package]]
name = "bytes"
version = "1.1.0"
source = "registry+https://github.com/rust-lang/crates.io-index"
checksum = "c4872d67bab6358e59559027aa3b9157c53d9358c51423c17554809a8858e0f8"

[[package]]
name = "cache-padded"
version = "1.2.0"
source = "registry+https://github.com/rust-lang/crates.io-index"
checksum = "c1db59621ec70f09c5e9b597b220c7a2b43611f4710dc03ceb8748637775692c"

[[package]]
name = "cc"
version = "1.0.79"
source = "registry+https://github.com/rust-lang/crates.io-index"
checksum = "50d30906286121d95be3d479533b458f87493b30a4b5f79a607db8f5d11aa91f"

[[package]]
name = "cfg-if"
version = "1.0.0"
source = "registry+https://github.com/rust-lang/crates.io-index"
checksum = "baf1de4339761588bc0619e3cbc0120ee582ebb74b53b4efbf79117bd2da40fd"

[[package]]
name = "clap"
version = "3.0.0"
source = "registry+https://github.com/rust-lang/crates.io-index"
checksum = "d17bf219fcd37199b9a29e00ba65dfb8cd5b2688b7297ec14ff829c40ac50ca9"
dependencies = [
 "bitflags 1.3.2",
 "clap_derive",
 "indexmap 1.7.0",
 "lazy_static",
 "os_str_bytes",
 "textwrap",
]

[[package]]
name = "clap_derive"
version = "3.0.0"
source = "registry+https://github.com/rust-lang/crates.io-index"
checksum = "e1b9752c030a14235a0bd5ef3ad60a1dcac8468c30921327fc8af36b20c790b9"
dependencies = [
 "heck",
 "proc-macro-error",
 "proc-macro2",
 "quote",
 "syn 1.0.109",
]

[[package]]
name = "concurrent-queue"
version = "1.2.2"
source = "registry+https://github.com/rust-lang/crates.io-index"
checksum = "30ed07550be01594c6026cff2a1d7fe9c8f683caa798e12b68694ac9e88286a3"
dependencies = [
 "cache-padded",
]

[[package]]
name = "dirs"
version = "5.0.1"
source = "registry+https://github.com/rust-lang/crates.io-index"
checksum = "44c45a9d03d6676652bcb5e724c7e988de1acad23a711b5217ab9cbecbec2225"
dependencies = [
 "dirs-sys",
]

[[package]]
name = "dirs-sys"
version = "0.4.1"
source = "registry+https://github.com/rust-lang/crates.io-index"
checksum = "520f05a5cbd335fae5a99ff7a6ab8627577660ee5cfd6a94a6a929b52ff0321c"
dependencies = [
 "libc",
 "option-ext",
 "redox_users",
 "windows-sys",
]

[[package]]
name = "env_logger"
version = "0.10.0"
source = "registry+https://github.com/rust-lang/crates.io-index"
checksum = "85cdab6a89accf66733ad5a1693a4dcced6aeff64602b634530dd73c1f3ee9f0"
dependencies = [
 "humantime",
 "is-terminal",
 "log",
 "regex",
 "termcolor",
]

[[package]]
name = "equivalent"
version = "1.0.0"
source = "registry+https://github.com/rust-lang/crates.io-index"
checksum = "88bffebc5d80432c9b140ee17875ff173a8ab62faad5b257da912bd2f6c1c0a1"

[[package]]
name = "errno"
version = "0.3.1"
source = "registry+https://github.com/rust-lang/crates.io-index"
checksum = "4bcfec3a70f97c962c307b2d2c56e358cf1d00b558d74262b5f929ee8cc7e73a"
dependencies = [
 "errno-dragonfly",
 "libc",
 "windows-sys",
]

[[package]]
name = "errno-dragonfly"
version = "0.1.2"
source = "registry+https://github.com/rust-lang/crates.io-index"
checksum = "aa68f1b12764fab894d2755d2518754e71b4fd80ecfb822714a1206c2aab39bf"
dependencies = [
 "cc",
 "libc",
]

[[package]]
name = "fastrand"
version = "1.6.0"
source = "registry+https://github.com/rust-lang/crates.io-index"
checksum = "779d043b6a0b90cc4c0ed7ee380a6504394cee7efd7db050e3774eee387324b2"
dependencies = [
 "instant",
]

[[package]]
name = "futures-core"
version = "0.3.19"
source = "registry+https://github.com/rust-lang/crates.io-index"
checksum = "d0c8ff0461b82559810cdccfde3215c3f373807f5e5232b71479bff7bb2583d7"

[[package]]
name = "futures-io"
version = "0.3.19"
source = "registry+https://github.com/rust-lang/crates.io-index"
checksum = "b1f9d34af5a1aac6fb380f735fe510746c38067c5bf16c7fd250280503c971b2"

[[package]]
name = "futures-lite"
version = "1.12.0"
source = "registry+https://github.com/rust-lang/crates.io-index"
checksum = "7694489acd39452c77daa48516b894c153f192c3578d5a839b62c58099fcbf48"
dependencies = [
 "fastrand",
 "futures-core",
 "futures-io",
 "memchr",
 "parking",
 "pin-project-lite",
 "waker-fn",
]

[[package]]
name = "getrandom"
version = "0.2.10"
source = "registry+https://github.com/rust-lang/crates.io-index"
checksum = "be4136b2a15dd319360be1c07d9933517ccf0be8f16bf62a3bee4f0d618df427"
dependencies = [
 "cfg-if",
 "libc",
 "wasi",
]

[[package]]
name = "hashbrown"
version = "0.11.2"
source = "registry+https://github.com/rust-lang/crates.io-index"
checksum = "ab5ef0d4909ef3724cc8cce6ccc8572c5c817592e9285f5464f8e86f8bd3726e"

[[package]]
name = "hashbrown"
version = "0.14.0"
source = "registry+https://github.com/rust-lang/crates.io-index"
checksum = "2c6201b9ff9fd90a5a3bac2e56a830d0caa509576f0e503818ee82c181b3437a"

[[package]]
name = "heck"
version = "0.3.3"
source = "registry+https://github.com/rust-lang/crates.io-index"
checksum = "6d621efb26863f0e9924c6ac577e8275e5e6b77455db64ffa6c65c904e9e132c"
dependencies = [
 "unicode-segmentation",
]

[[package]]
name = "hermit-abi"
version = "0.3.2"
source = "registry+https://github.com/rust-lang/crates.io-index"
checksum = "443144c8cdadd93ebf52ddb4056d257f5b52c04d3c804e657d19eb73fc33668b"

[[package]]
name = "humantime"
version = "2.1.0"
source = "registry+https://github.com/rust-lang/crates.io-index"
checksum = "9a3a5bfb195931eeb336b2a7b4d761daec841b97f947d34394601737a7bba5e4"

[[package]]
name = "humantime-serde"
version = "1.1.1"
source = "registry+https://github.com/rust-lang/crates.io-index"
checksum = "57a3db5ea5923d99402c94e9feb261dc5ee9b4efa158b0315f788cf549cc200c"
dependencies = [
 "humantime",
 "serde",
]

[[package]]
name = "indexmap"
version = "1.7.0"
source = "registry+https://github.com/rust-lang/crates.io-index"
checksum = "bc633605454125dec4b66843673f01c7df2b89479b32e0ed634e43a91cff62a5"
dependencies = [
 "autocfg",
 "hashbrown 0.11.2",
]

[[package]]
name = "indexmap"
version = "2.0.0"
source = "registry+https://github.com/rust-lang/crates.io-index"
checksum = "d5477fe2230a79769d8dc68e0eabf5437907c0457a5614a9e8dddb67f65eb65d"
dependencies = [
 "equivalent",
 "hashbrown 0.14.0",
]

[[package]]
name = "instant"
version = "0.1.12"
source = "registry+https://github.com/rust-lang/crates.io-index"
checksum = "7a5bbe824c507c5da5956355e86a746d82e0e1464f65d862cc5e71da70e94b2c"
dependencies = [
 "cfg-if",
]

[[package]]
name = "is-terminal"
version = "0.4.8"
source = "registry+https://github.com/rust-lang/crates.io-index"
checksum = "24fddda5af7e54bf7da53067d6e802dbcc381d0a8eef629df528e3ebf68755cb"
dependencies = [
 "hermit-abi",
 "rustix",
 "windows-sys",
]

[[package]]
name = "itoa"
version = "1.0.1"
source = "registry+https://github.com/rust-lang/crates.io-index"
checksum = "1aab8fc367588b89dcee83ab0fd66b72b50b72fa1904d7095045ace2b0c81c35"

[[package]]
name = "lazy_static"
version = "1.4.0"
source = "registry+https://github.com/rust-lang/crates.io-index"
checksum = "e2abad23fbc42b3700f2f279844dc832adb2b2eb069b2df918f455c4e18cc646"

[[package]]
name = "libc"
version = "0.2.147"
source = "registry+https://github.com/rust-lang/crates.io-index"
checksum = "b4668fb0ea861c1df094127ac5f1da3409a82116a4ba74fca2e58ef927159bb3"

[[package]]
name = "linux-raw-sys"
version = "0.4.3"
source = "registry+https://github.com/rust-lang/crates.io-index"
checksum = "09fc20d2ca12cb9f044c93e3bd6d32d523e6e2ec3db4f7b2939cd99026ecd3f0"

[[package]]
name = "log"
version = "0.4.19"
source = "registry+https://github.com/rust-lang/crates.io-index"
checksum = "b06a4cde4c0f271a446782e3eff8de789548ce57dbc8eca9292c27f4a42004b4"

[[package]]
name = "memchr"
version = "2.5.0"
source = "registry+https://github.com/rust-lang/crates.io-index"
checksum = "2dffe52ecf27772e601905b7522cb4ef790d2cc203488bbd0e2fe85fcb74566d"

[[package]]
name = "mio"
version = "0.7.14"
source = "registry+https://github.com/rust-lang/crates.io-index"
checksum = "8067b404fe97c70829f082dec8bcf4f71225d7eaea1d8645349cb76fa06205cc"
dependencies = [
 "libc",
 "log",
 "miow",
 "ntapi",
 "winapi",
]

[[package]]
name = "miow"
version = "0.3.7"
source = "registry+https://github.com/rust-lang/crates.io-index"
checksum = "b9f1c5b025cda876f66ef43a113f91ebc9f4ccef34843000e0adf6ebbab84e21"
dependencies = [
 "winapi",
]

[[package]]
name = "ntapi"
version = "0.3.6"
source = "registry+https://github.com/rust-lang/crates.io-index"
checksum = "3f6bb902e437b6d86e03cce10a7e2af662292c5dfef23b65899ea3ac9354ad44"
dependencies = [
 "winapi",
]

[[package]]
name = "once_cell"
version = "1.18.0"
source = "registry+https://github.com/rust-lang/crates.io-index"
checksum = "dd8b5dd2ae5ed71462c540258bedcb51965123ad7e7ccf4b9a8cafaa4a63576d"

[[package]]
name = "option-ext"
version = "0.2.0"
source = "registry+https://github.com/rust-lang/crates.io-index"
checksum = "04744f49eae99ab78e0d5c0b603ab218f515ea8cfe5a456d7629ad883a3b6e7d"

[[package]]
name = "os_str_bytes"
version = "6.0.0"
source = "registry+https://github.com/rust-lang/crates.io-index"
checksum = "8e22443d1643a904602595ba1cd8f7d896afe56d26712531c5ff73a15b2fbf64"
dependencies = [
 "memchr",
]

[[package]]
name = "parking"
version = "2.0.0"
source = "registry+https://github.com/rust-lang/crates.io-index"
checksum = "427c3892f9e783d91cc128285287e70a59e206ca452770ece88a76f7a3eddd72"

[[package]]
name = "pin-project-lite"
version = "0.2.8"
source = "registry+https://github.com/rust-lang/crates.io-index"
checksum = "e280fbe77cc62c91527259e9442153f4688736748d24660126286329742b4c6c"

[[package]]
name = "polling"
version = "2.2.0"
source = "registry+https://github.com/rust-lang/crates.io-index"
checksum = "685404d509889fade3e86fe3a5803bca2ec09b0c0778d5ada6ec8bf7a8de5259"
dependencies = [
 "cfg-if",
 "libc",
 "log",
 "wepoll-ffi",
 "winapi",
]

[[package]]
name = "proc-macro-error"
version = "1.0.4"
source = "registry+https://github.com/rust-lang/crates.io-index"
checksum = "da25490ff9892aab3fcf7c36f08cfb902dd3e71ca0f9f9517bea02a73a5ce38c"
dependencies = [
 "proc-macro-error-attr",
 "proc-macro2",
 "quote",
 "syn 1.0.109",
 "version_check",
]

[[package]]
name = "proc-macro-error-attr"
version = "1.0.4"
source = "registry+https://github.com/rust-lang/crates.io-index"
checksum = "a1be40180e52ecc98ad80b184934baf3d0d29f979574e439af5a55274b35f869"
dependencies = [
 "proc-macro2",
 "quote",
 "version_check",
]

[[package]]
name = "proc-macro2"
version = "1.0.63"
source = "registry+https://github.com/rust-lang/crates.io-index"
checksum = "7b368fba921b0dce7e60f5e04ec15e565b3303972b42bcfde1d0713b881959eb"
dependencies = [
 "unicode-ident",
]

[[package]]
name = "quote"
version = "1.0.29"
source = "registry+https://github.com/rust-lang/crates.io-index"
checksum = "573015e8ab27661678357f27dc26460738fd2b6c86e46f386fde94cb5d913105"
dependencies = [
 "proc-macro2",
]

[[package]]
name = "redox_syscall"
version = "0.2.16"
source = "registry+https://github.com/rust-lang/crates.io-index"
checksum = "fb5a58c1855b4b6819d59012155603f0b22ad30cad752600aadfcb695265519a"
dependencies = [
 "bitflags 1.3.2",
]

[[package]]
name = "redox_users"
version = "0.4.3"
source = "registry+https://github.com/rust-lang/crates.io-index"
checksum = "b033d837a7cf162d7993aded9304e30a83213c648b6e389db233191f891e5c2b"
dependencies = [
 "getrandom",
 "redox_syscall",
 "thiserror",
]

[[package]]
name = "regex"
version = "1.8.4"
source = "registry+https://github.com/rust-lang/crates.io-index"
checksum = "d0ab3ca65655bb1e41f2a8c8cd662eb4fb035e67c3f78da1d61dffe89d07300f"
dependencies = [
 "aho-corasick",
 "memchr",
 "regex-syntax",
]

[[package]]
name = "regex-syntax"
version = "0.7.2"
source = "registry+https://github.com/rust-lang/crates.io-index"
checksum = "436b050e76ed2903236f032a59761c1eb99e1b0aead2c257922771dab1fc8c78"

[[package]]
name = "rustix"
version = "0.38.2"
source = "registry+https://github.com/rust-lang/crates.io-index"
checksum = "aabcb0461ebd01d6b79945797c27f8529082226cb630a9865a71870ff63532a4"
dependencies = [
 "bitflags 2.3.3",
 "errno",
 "libc",
 "linux-raw-sys",
 "windows-sys",
]

[[package]]
name = "ryu"
version = "1.0.9"
source = "registry+https://github.com/rust-lang/crates.io-index"
checksum = "73b4b750c782965c211b42f022f59af1fbceabdd026623714f104152f1ec149f"

[[package]]
name = "serde"
version = "1.0.166"
source = "registry+https://github.com/rust-lang/crates.io-index"
checksum = "d01b7404f9d441d3ad40e6a636a7782c377d2abdbe4fa2440e2edcc2f4f10db8"
dependencies = [
 "serde_derive",
]

[[package]]
name = "serde_derive"
version = "1.0.166"
source = "registry+https://github.com/rust-lang/crates.io-index"
checksum = "5dd83d6dde2b6b2d466e14d9d1acce8816dedee94f735eac6395808b3483c6d6"
dependencies = [
 "proc-macro2",
 "quote",
 "syn 2.0.23",
]

[[package]]
name = "serde_json"
version = "1.0.73"
source = "registry+https://github.com/rust-lang/crates.io-index"
checksum = "bcbd0344bc6533bc7ec56df11d42fb70f1b912351c0825ccb7211b59d8af7cf5"
dependencies = [
 "itoa",
 "ryu",
 "serde",
]

[[package]]
name = "serde_spanned"
version = "0.6.3"
source = "registry+https://github.com/rust-lang/crates.io-index"
checksum = "96426c9936fd7a0124915f9185ea1d20aa9445cc9821142f0a73bc9207a2e186"
dependencies = [
 "serde",
]

[[package]]
name = "signal-hook-registry"
version = "1.4.0"
source = "registry+https://github.com/rust-lang/crates.io-index"
checksum = "e51e73328dc4ac0c7ccbda3a494dfa03df1de2f46018127f60c693f2648455b0"
dependencies = [
 "libc",
]

[[package]]
name = "slab"
version = "0.4.5"
source = "registry+https://github.com/rust-lang/crates.io-index"
checksum = "9def91fd1e018fe007022791f865d0ccc9b3a0d5001e01aabb8b40e46000afb5"

[[package]]
name = "socket2"
version = "0.4.2"
source = "registry+https://github.com/rust-lang/crates.io-index"
checksum = "5dc90fe6c7be1a323296982db1836d1ea9e47b6839496dde9a541bc496df3516"
dependencies = [
 "libc",
 "winapi",
]

[[package]]
name = "syn"
version = "1.0.109"
source = "registry+https://github.com/rust-lang/crates.io-index"
checksum = "72b64191b275b66ffe2469e8af2c1cfe3bafa67b529ead792a6d0160888b4237"
dependencies = [
 "proc-macro2",
 "quote",
 "unicode-ident",
]

[[package]]
name = "syn"
version = "2.0.23"
source = "registry+https://github.com/rust-lang/crates.io-index"
checksum = "59fb7d6d8281a51045d62b8eb3a7d1ce347b76f312af50cd3dc0af39c87c1737"
dependencies = [
 "proc-macro2",
 "quote",
 "unicode-ident",
]

[[package]]
name = "termcolor"
version = "1.2.0"
source = "registry+https://github.com/rust-lang/crates.io-index"
checksum = "be55cf8942feac5c765c2c993422806843c9a9a45d4d5c407ad6dd2ea95eb9b6"
dependencies = [
 "winapi-util",
]

[[package]]
name = "textwrap"
version = "0.14.2"
source = "registry+https://github.com/rust-lang/crates.io-index"
checksum = "0066c8d12af8b5acd21e00547c3797fde4e8677254a7ee429176ccebbe93dd80"

[[package]]
name = "thiserror"
version = "1.0.41"
source = "registry+https://github.com/rust-lang/crates.io-index"
checksum = "c16a64ba9387ef3fdae4f9c1a7f07a0997fce91985c0336f1ddc1822b3b37802"
dependencies = [
 "thiserror-impl",
]

[[package]]
name = "thiserror-impl"
version = "1.0.41"
source = "registry+https://github.com/rust-lang/crates.io-index"
checksum = "d14928354b01c4d6a4f0e549069adef399a284e7995c7ccca94e8a07a5346c59"
dependencies = [
 "proc-macro2",
 "quote",
 "syn 2.0.23",
]

[[package]]
name = "tokio"
version = "1.15.0"
source = "registry+https://github.com/rust-lang/crates.io-index"
checksum = "fbbf1c778ec206785635ce8ad57fe52b3009ae9e0c9f574a728f3049d3e55838"
dependencies = [
 "bytes",
 "libc",
 "memchr",
 "mio",
 "once_cell",
 "pin-project-lite",
 "signal-hook-registry",
 "tokio-macros",
 "winapi",
]

[[package]]
name = "tokio-macros"
version = "1.7.0"
source = "registry+https://github.com/rust-lang/crates.io-index"
checksum = "b557f72f448c511a979e2564e55d74e6c4432fc96ff4f6241bc6bded342643b7"
dependencies = [
 "proc-macro2",
 "quote",
 "syn 1.0.109",
]

[[package]]
name = "toml"
version = "0.7.5"
source = "registry+https://github.com/rust-lang/crates.io-index"
checksum = "1ebafdf5ad1220cb59e7d17cf4d2c72015297b75b19a10472f99b89225089240"
dependencies = [
 "serde",
 "serde_spanned",
 "toml_datetime",
 "toml_edit",
]

[[package]]
name = "toml_datetime"
version = "0.6.3"
source = "registry+https://github.com/rust-lang/crates.io-index"
checksum = "7cda73e2f1397b1262d6dfdcef8aafae14d1de7748d66822d3bfeeb6d03e5e4b"
dependencies = [
 "serde",
]

[[package]]
name = "toml_edit"
version = "0.19.11"
source = "registry+https://github.com/rust-lang/crates.io-index"
checksum = "266f016b7f039eec8a1a80dfe6156b633d208b9fccca5e4db1d6775b0c4e34a7"
dependencies = [
 "indexmap 2.0.0",
 "serde",
 "serde_spanned",
 "toml_datetime",
 "winnow",
]

[[package]]
name = "unicode-ident"
version = "1.0.10"
source = "registry+https://github.com/rust-lang/crates.io-index"
checksum = "22049a19f4a68748a168c0fc439f9516686aa045927ff767eca0a85101fb6e73"

[[package]]
name = "unicode-segmentation"
version = "1.8.0"
source = "registry+https://github.com/rust-lang/crates.io-index"
checksum = "8895849a949e7845e06bd6dc1aa51731a103c42707010a5b591c0038fb73385b"

[[package]]
name = "uuid"
version = "0.8.2"
source = "registry+https://github.com/rust-lang/crates.io-index"
checksum = "bc5cf98d8186244414c848017f0e2676b3fcb46807f6668a97dfe67359a3c4b7"
dependencies = [
 "serde",
]

[[package]]
name = "version_check"
version = "0.9.4"
source = "registry+https://github.com/rust-lang/crates.io-index"
checksum = "49874b5167b65d7193b8aba1567f5c7d93d001cafc34600cee003eda787e483f"

[[package]]
name = "waker-fn"
version = "1.1.0"
source = "registry+https://github.com/rust-lang/crates.io-index"
checksum = "9d5b2c62b4012a3e1eca5a7e077d13b3bf498c4073e33ccd58626607748ceeca"

[[package]]
name = "wasi"
version = "0.11.0+wasi-snapshot-preview1"
source = "registry+https://github.com/rust-lang/crates.io-index"
checksum = "9c8d87e72b64a3b4db28d11ce29237c246188f4f51057d65a7eab63b7987e423"

[[package]]
name = "wepoll-ffi"
version = "0.1.2"
source = "registry+https://github.com/rust-lang/crates.io-index"
checksum = "d743fdedc5c64377b5fc2bc036b01c7fd642205a0d96356034ae3404d49eb7fb"
dependencies = [
 "cc",
]

[[package]]
name = "widestring"
version = "0.5.1"
source = "registry+https://github.com/rust-lang/crates.io-index"
checksum = "17882f045410753661207383517a6f62ec3dbeb6a4ed2acce01f0728238d1983"

[[package]]
name = "winapi"
version = "0.3.9"
source = "registry+https://github.com/rust-lang/crates.io-index"
checksum = "5c839a674fcd7a98952e593242ea400abe93992746761e38641405d28b00f419"
dependencies = [
 "winapi-i686-pc-windows-gnu",
 "winapi-x86_64-pc-windows-gnu",
]

[[package]]
name = "winapi-i686-pc-windows-gnu"
version = "0.4.0"
source = "registry+https://github.com/rust-lang/crates.io-index"
checksum = "ac3b87c63620426dd9b991e5ce0329eff545bccbbb34f3be09ff6fb6ab51b7b6"

[[package]]
name = "winapi-util"
version = "0.1.5"
source = "registry+https://github.com/rust-lang/crates.io-index"
checksum = "70ec6ce85bb158151cae5e5c87f95a8e97d2c0c4b001223f33a334e3ce5de178"
dependencies = [
 "winapi",
]

[[package]]
name = "winapi-x86_64-pc-windows-gnu"
version = "0.4.0"
source = "registry+https://github.com/rust-lang/crates.io-index"
checksum = "712e227841d057c1ee1cd2fb22fa7e5a5461ae8e48fa2ca79ec42cfc1931183f"

[[package]]
name = "windows-sys"
version = "0.48.0"
source = "registry+https://github.com/rust-lang/crates.io-index"
checksum = "677d2418bec65e3338edb076e806bc1ec15693c5d0104683f2efe857f61056a9"
dependencies = [
 "windows-targets",
]

[[package]]
name = "windows-targets"
version = "0.48.1"
source = "registry+https://github.com/rust-lang/crates.io-index"
checksum = "05d4b17490f70499f20b9e791dcf6a299785ce8af4d709018206dc5b4953e95f"
dependencies = [
 "windows_aarch64_gnullvm",
 "windows_aarch64_msvc",
 "windows_i686_gnu",
 "windows_i686_msvc",
 "windows_x86_64_gnu",
 "windows_x86_64_gnullvm",
 "windows_x86_64_msvc",
]

[[package]]
name = "windows_aarch64_gnullvm"
version = "0.48.0"
source = "registry+https://github.com/rust-lang/crates.io-index"
checksum = "91ae572e1b79dba883e0d315474df7305d12f569b400fcf90581b06062f7e1bc"

[[package]]
name = "windows_aarch64_msvc"
version = "0.48.0"
source = "registry+https://github.com/rust-lang/crates.io-index"
checksum = "b2ef27e0d7bdfcfc7b868b317c1d32c641a6fe4629c171b8928c7b08d98d7cf3"

[[package]]
name = "windows_i686_gnu"
version = "0.48.0"
source = "registry+https://github.com/rust-lang/crates.io-index"
checksum = "622a1962a7db830d6fd0a69683c80a18fda201879f0f447f065a3b7467daa241"

[[package]]
name = "windows_i686_msvc"
version = "0.48.0"
source = "registry+https://github.com/rust-lang/crates.io-index"
checksum = "4542c6e364ce21bf45d69fdd2a8e455fa38d316158cfd43b3ac1c5b1b19f8e00"

[[package]]
name = "windows_x86_64_gnu"
version = "0.48.0"
source = "registry+https://github.com/rust-lang/crates.io-index"
checksum = "ca2b8a661f7628cbd23440e50b05d705db3686f894fc9580820623656af974b1"

[[package]]
name = "windows_x86_64_gnullvm"
version = "0.48.0"
source = "registry+https://github.com/rust-lang/crates.io-index"
checksum = "7896dbc1f41e08872e9d5e8f8baa8fdd2677f29468c4e156210174edc7f7b953"

[[package]]
name = "windows_x86_64_msvc"
version = "0.48.0"
source = "registry+https://github.com/rust-lang/crates.io-index"
checksum = "1a515f5799fe4961cb532f983ce2b23082366b898e52ffbce459c86f67c8378a"

[[package]]
name = "winnow"
version = "0.4.7"
source = "registry+https://github.com/rust-lang/crates.io-index"
checksum = "ca0ace3845f0d96209f0375e6d367e3eb87eb65d27d445bdc9f1843a26f39448"
dependencies = [
 "memchr",
]

[[package]]
name = "winreg"
version = "0.10.1"
source = "registry+https://github.com/rust-lang/crates.io-index"
checksum = "80d0f4e272c85def139476380b12f9ac60926689dd2e01d4923222f40580869d"
dependencies = [
 "winapi",
]

[[package]]
name = "wsld"
version = "0.1.0"
dependencies = [
 "dirs",
 "env_logger",
 "humantime",
 "humantime-serde",
 "libc",
 "log",
 "once_cell",
 "serde",
 "tokio",
 "toml",
]

[[package]]
name = "wsldhost"
version = "0.1.0"
dependencies = [
 "async-io",
 "clap",
 "once_cell",
 "serde",
 "serde_json",
 "tokio",
 "uuid",
 "widestring",
 "winapi",
 "winreg",
]
